// !$*UTF8*$!
{
	archiveVersion = 1;
	classes = {
	};
	objectVersion = 50;
	objects = {

/* Begin PBXBuildFile section */
		A18C51EE2122D2F900B95F3C /* AppDelegate.m in Sources */ = {isa = PBXBuildFile; fileRef = A18C51ED2122D2F900B95F3C /* AppDelegate.m */; };
		A18C51F12122D2F900B95F3C /* ViewController.m in Sources */ = {isa = PBXBuildFile; fileRef = A18C51F02122D2F900B95F3C /* ViewController.m */; };
		A18C51F42122D2F900B95F3C /* Main.storyboard in Resources */ = {isa = PBXBuildFile; fileRef = A18C51F22122D2F900B95F3C /* Main.storyboard */; };
		A18C51F62122D2FB00B95F3C /* Assets.xcassets in Resources */ = {isa = PBXBuildFile; fileRef = A18C51F52122D2FB00B95F3C /* Assets.xcassets */; };
		A18C51F92122D2FB00B95F3C /* LaunchScreen.storyboard in Resources */ = {isa = PBXBuildFile; fileRef = A18C51F72122D2FB00B95F3C /* LaunchScreen.storyboard */; };
		A18C51FC2122D2FB00B95F3C /* main.m in Sources */ = {isa = PBXBuildFile; fileRef = A18C51FB2122D2FB00B95F3C /* main.m */; };
		A18C52272122D78700B95F3C /* UIFont+Fonts.m in Sources */ = {isa = PBXBuildFile; fileRef = A18C52102122D78700B95F3C /* UIFont+Fonts.m */; };
		A18C522C2122D78700B95F3C /* UIColor+CustomColors.m in Sources */ = {isa = PBXBuildFile; fileRef = A18C521F2122D78700B95F3C /* UIColor+CustomColors.m */; };
		A18C52312123D2AE00B95F3C /* TodayWeatherCell.m in Sources */ = {isa = PBXBuildFile; fileRef = A18C522F2123D2AE00B95F3C /* TodayWeatherCell.m */; };
		A18C52322123D2AE00B95F3C /* TodayWeatherCell.xib in Resources */ = {isa = PBXBuildFile; fileRef = A18C52302123D2AE00B95F3C /* TodayWeatherCell.xib */; };
		A18C52352123D64A00B95F3C /* MidWeatherView.m in Sources */ = {isa = PBXBuildFile; fileRef = A18C52342123D64A00B95F3C /* MidWeatherView.m */; };
		A18C52392123D78F00B95F3C /* MidWeatherListCell.m in Sources */ = {isa = PBXBuildFile; fileRef = A18C52372123D78F00B95F3C /* MidWeatherListCell.m */; };
		A18C523A2123D78F00B95F3C /* MidWeatherListCell.xib in Resources */ = {isa = PBXBuildFile; fileRef = A18C52382123D78F00B95F3C /* MidWeatherListCell.xib */; };
		A18C523E2123D9AA00B95F3C /* WeekWeatherListCell.m in Sources */ = {isa = PBXBuildFile; fileRef = A18C523C2123D9AA00B95F3C /* WeekWeatherListCell.m */; };
		A18C523F2123D9AA00B95F3C /* WeekWeatherListCell.xib in Resources */ = {isa = PBXBuildFile; fileRef = A18C523D2123D9AA00B95F3C /* WeekWeatherListCell.xib */; };
/* End PBXBuildFile section */

/* Begin PBXFileReference section */
		A18C51E92122D2F900B95F3C /* AppleWeatherDemo.app */ = {isa = PBXFileReference; explicitFileType = wrapper.application; includeInIndex = 0; path = AppleWeatherDemo.app; sourceTree = BUILT_PRODUCTS_DIR; };
		A18C51EC2122D2F900B95F3C /* AppDelegate.h */ = {isa = PBXFileReference; lastKnownFileType = sourcecode.c.h; path = AppDelegate.h; sourceTree = "<group>"; };
		A18C51ED2122D2F900B95F3C /* AppDelegate.m */ = {isa = PBXFileReference; lastKnownFileType = sourcecode.c.objc; path = AppDelegate.m; sourceTree = "<group>"; };
		A18C51EF2122D2F900B95F3C /* ViewController.h */ = {isa = PBXFileReference; lastKnownFileType = sourcecode.c.h; path = ViewController.h; sourceTree = "<group>"; };
		A18C51F02122D2F900B95F3C /* ViewController.m */ = {isa = PBXFileReference; lastKnownFileType = sourcecode.c.objc; path = ViewController.m; sourceTree = "<group>"; };
		A18C51F32122D2F900B95F3C /* Base */ = {isa = PBXFileReference; lastKnownFileType = file.storyboard; name = Base; path = Base.lproj/Main.storyboard; sourceTree = "<group>"; };
		A18C51F52122D2FB00B95F3C /* Assets.xcassets */ = {isa = PBXFileReference; lastKnownFileType = folder.assetcatalog; path = Assets.xcassets; sourceTree = "<group>"; };
		A18C51F82122D2FB00B95F3C /* Base */ = {isa = PBXFileReference; lastKnownFileType = file.storyboard; name = Base; path = Base.lproj/LaunchScreen.storyboard; sourceTree = "<group>"; };
		A18C51FA2122D2FB00B95F3C /* Info.plist */ = {isa = PBXFileReference; lastKnownFileType = text.plist.xml; path = Info.plist; sourceTree = "<group>"; };
		A18C51FB2122D2FB00B95F3C /* main.m */ = {isa = PBXFileReference; lastKnownFileType = sourcecode.c.objc; path = main.m; sourceTree = "<group>"; };
		A18C52022122D64500B95F3C /* WeatherPrefixHeader.pch */ = {isa = PBXFileReference; lastKnownFileType = sourcecode.c.h; path = WeatherPrefixHeader.pch; sourceTree = "<group>"; };
		A18C520F2122D78700B95F3C /* UIFont+Fonts.h */ = {isa = PBXFileReference; fileEncoding = 4; lastKnownFileType = sourcecode.c.h; path = "UIFont+Fonts.h"; sourceTree = "<group>"; };
		A18C52102122D78700B95F3C /* UIFont+Fonts.m */ = {isa = PBXFileReference; fileEncoding = 4; lastKnownFileType = sourcecode.c.objc; path = "UIFont+Fonts.m"; sourceTree = "<group>"; };
		A18C521E2122D78700B95F3C /* UIColor+CustomColors.h */ = {isa = PBXFileReference; fileEncoding = 4; lastKnownFileType = sourcecode.c.h; path = "UIColor+CustomColors.h"; sourceTree = "<group>"; };
		A18C521F2122D78700B95F3C /* UIColor+CustomColors.m */ = {isa = PBXFileReference; fileEncoding = 4; lastKnownFileType = sourcecode.c.objc; path = "UIColor+CustomColors.m"; sourceTree = "<group>"; };
		A18C522E2123D2AE00B95F3C /* TodayWeatherCell.h */ = {isa = PBXFileReference; lastKnownFileType = sourcecode.c.h; path = TodayWeatherCell.h; sourceTree = "<group>"; };
		A18C522F2123D2AE00B95F3C /* TodayWeatherCell.m */ = {isa = PBXFileReference; lastKnownFileType = sourcecode.c.objc; path = TodayWeatherCell.m; sourceTree = "<group>"; };
		A18C52302123D2AE00B95F3C /* TodayWeatherCell.xib */ = {isa = PBXFileReference; lastKnownFileType = file.xib; path = TodayWeatherCell.xib; sourceTree = "<group>"; };
		A18C52332123D64A00B95F3C /* MidWeatherView.h */ = {isa = PBXFileReference; lastKnownFileType = sourcecode.c.h; path = MidWeatherView.h; sourceTree = "<group>"; };
		A18C52342123D64A00B95F3C /* MidWeatherView.m */ = {isa = PBXFileReference; lastKnownFileType = sourcecode.c.objc; path = MidWeatherView.m; sourceTree = "<group>"; };
		A18C52362123D78F00B95F3C /* MidWeatherListCell.h */ = {isa = PBXFileReference; lastKnownFileType = sourcecode.c.h; path = MidWeatherListCell.h; sourceTree = "<group>"; };
		A18C52372123D78F00B95F3C /* MidWeatherListCell.m */ = {isa = PBXFileReference; lastKnownFileType = sourcecode.c.objc; path = MidWeatherListCell.m; sourceTree = "<group>"; };
		A18C52382123D78F00B95F3C /* MidWeatherListCell.xib */ = {isa = PBXFileReference; lastKnownFileType = file.xib; path = MidWeatherListCell.xib; sourceTree = "<group>"; };
		A18C523B2123D9AA00B95F3C /* WeekWeatherListCell.h */ = {isa = PBXFileReference; lastKnownFileType = sourcecode.c.h; path = WeekWeatherListCell.h; sourceTree = "<group>"; };
		A18C523C2123D9AA00B95F3C /* WeekWeatherListCell.m */ = {isa = PBXFileReference; lastKnownFileType = sourcecode.c.objc; path = WeekWeatherListCell.m; sourceTree = "<group>"; };
		A18C523D2123D9AA00B95F3C /* WeekWeatherListCell.xib */ = {isa = PBXFileReference; lastKnownFileType = file.xib; path = WeekWeatherListCell.xib; sourceTree = "<group>"; };
/* End PBXFileReference section */

/* Begin PBXFrameworksBuildPhase section */
		A18C51E62122D2F900B95F3C /* Frameworks */ = {
			isa = PBXFrameworksBuildPhase;
			buildActionMask = 2147483647;
			files = (
			);
			runOnlyForDeploymentPostprocessing = 0;
		};
/* End PBXFrameworksBuildPhase section */

/* Begin PBXGroup section */
		A18C51E02122D2F900B95F3C = {
			isa = PBXGroup;
			children = (
				A18C51EB2122D2F900B95F3C /* AppleWeatherDemo */,
				A18C51EA2122D2F900B95F3C /* Products */,
			);
			sourceTree = "<group>";
		};
		A18C51EA2122D2F900B95F3C /* Products */ = {
			isa = PBXGroup;
			children = (
				A18C51E92122D2F900B95F3C /* AppleWeatherDemo.app */,
			);
			name = Products;
			sourceTree = "<group>";
		};
		A18C51EB2122D2F900B95F3C /* AppleWeatherDemo */ = {
			isa = PBXGroup;
			children = (
				A18C52032122D78700B95F3C /* Category */,
				A18C51EC2122D2F900B95F3C /* AppDelegate.h */,
				A18C51ED2122D2F900B95F3C /* AppDelegate.m */,
				A18C51EF2122D2F900B95F3C /* ViewController.h */,
				A18C51F02122D2F900B95F3C /* ViewController.m */,
				A18C51F22122D2F900B95F3C /* Main.storyboard */,
				A18C522E2123D2AE00B95F3C /* TodayWeatherCell.h */,
				A18C522F2123D2AE00B95F3C /* TodayWeatherCell.m */,
				A18C52332123D64A00B95F3C /* MidWeatherView.h */,
				A18C52342123D64A00B95F3C /* MidWeatherView.m */,
				A18C52302123D2AE00B95F3C /* TodayWeatherCell.xib */,
				A18C52362123D78F00B95F3C /* MidWeatherListCell.h */,
				A18C52372123D78F00B95F3C /* MidWeatherListCell.m */,
				A18C52382123D78F00B95F3C /* MidWeatherListCell.xib */,
				A18C523B2123D9AA00B95F3C /* WeekWeatherListCell.h */,
				A18C523C2123D9AA00B95F3C /* WeekWeatherListCell.m */,
				A18C523D2123D9AA00B95F3C /* WeekWeatherListCell.xib */,
				A18C51F52122D2FB00B95F3C /* Assets.xcassets */,
				A18C51F72122D2FB00B95F3C /* LaunchScreen.storyboard */,
				A18C51FA2122D2FB00B95F3C /* Info.plist */,
				A18C51FB2122D2FB00B95F3C /* main.m */,
				A18C52022122D64500B95F3C /* WeatherPrefixHeader.pch */,
			);
			path = AppleWeatherDemo;
			sourceTree = "<group>";
		};
		A18C52032122D78700B95F3C /* Category */ = {
			isa = PBXGroup;
			children = (
				A18C521D2122D78700B95F3C /* UIColor+CustomColors */,
				A18C520E2122D78700B95F3C /* UIFont+Fonts */,
			);
			path = Category;
			sourceTree = "<group>";
		};
		A18C520E2122D78700B95F3C /* UIFont+Fonts */ = {
			isa = PBXGroup;
			children = (
				A18C520F2122D78700B95F3C /* UIFont+Fonts.h */,
				A18C52102122D78700B95F3C /* UIFont+Fonts.m */,
			);
			path = "UIFont+Fonts";
			sourceTree = "<group>";
		};
		A18C521D2122D78700B95F3C /* UIColor+CustomColors */ = {
			isa = PBXGroup;
			children = (
				A18C521E2122D78700B95F3C /* UIColor+CustomColors.h */,
				A18C521F2122D78700B95F3C /* UIColor+CustomColors.m */,
			);
			path = "UIColor+CustomColors";
			sourceTree = "<group>";
		};
/* End PBXGroup section */

/* Begin PBXNativeTarget section */
		A18C51E82122D2F900B95F3C /* AppleWeatherDemo */ = {
			isa = PBXNativeTarget;
			buildConfigurationList = A18C51FF2122D2FB00B95F3C /* Build configuration list for PBXNativeTarget "AppleWeatherDemo" */;
			buildPhases = (
				A18C51E52122D2F900B95F3C /* Sources */,
				A18C51E62122D2F900B95F3C /* Frameworks */,
				A18C51E72122D2F900B95F3C /* Resources */,
			);
			buildRules = (
			);
			dependencies = (
			);
			name = AppleWeatherDemo;
			productName = AppleWeatherDemo;
			productReference = A18C51E92122D2F900B95F3C /* AppleWeatherDemo.app */;
			productType = "com.apple.product-type.application";
		};
/* End PBXNativeTarget section */

/* Begin PBXProject section */
		A18C51E12122D2F900B95F3C /* Project object */ = {
			isa = PBXProject;
			attributes = {
				LastUpgradeCheck = 0940;
				ORGANIZATIONNAME = xby023;
				TargetAttributes = {
					A18C51E82122D2F900B95F3C = {
						CreatedOnToolsVersion = 9.4.1;
					};
				};
			};
			buildConfigurationList = A18C51E42122D2F900B95F3C /* Build configuration list for PBXProject "AppleWeatherDemo" */;
			compatibilityVersion = "Xcode 9.3";
			developmentRegion = en;
			hasScannedForEncodings = 0;
			knownRegions = (
				en,
				Base,
			);
			mainGroup = A18C51E02122D2F900B95F3C;
			productRefGroup = A18C51EA2122D2F900B95F3C /* Products */;
			projectDirPath = "";
			projectRoot = "";
			targets = (
				A18C51E82122D2F900B95F3C /* AppleWeatherDemo */,
			);
		};
/* End PBXProject section */

/* Begin PBXResourcesBuildPhase section */
		A18C51E72122D2F900B95F3C /* Resources */ = {
			isa = PBXResourcesBuildPhase;
			buildActionMask = 2147483647;
			files = (
				A18C51F92122D2FB00B95F3C /* LaunchScreen.storyboard in Resources */,
				A18C51F62122D2FB00B95F3C /* Assets.xcassets in Resources */,
				A18C52322123D2AE00B95F3C /* TodayWeatherCell.xib in Resources */,
				A18C51F42122D2F900B95F3C /* Main.storyboard in Resources */,
				A18C523F2123D9AA00B95F3C /* WeekWeatherListCell.xib in Resources */,
				A18C523A2123D78F00B95F3C /* MidWeatherListCell.xib in Resources */,
			);
			runOnlyForDeploymentPostprocessing = 0;
		};
/* End PBXResourcesBuildPhase section */

/* Begin PBXSourcesBuildPhase section */
		A18C51E52122D2F900B95F3C /* Sources */ = {
			isa = PBXSourcesBuildPhase;
			buildActionMask = 2147483647;
			files = (
				A18C52312123D2AE00B95F3C /* TodayWeatherCell.m in Sources */,
				A18C51F12122D2F900B95F3C /* ViewController.m in Sources */,
				A18C52352123D64A00B95F3C /* MidWeatherView.m in Sources */,
				A18C51FC2122D2FB00B95F3C /* main.m in Sources */,
				A18C523E2123D9AA00B95F3C /* WeekWeatherListCell.m in Sources */,
				A18C52272122D78700B95F3C /* UIFont+Fonts.m in Sources */,
				A18C52392123D78F00B95F3C /* MidWeatherListCell.m in Sources */,
				A18C522C2122D78700B95F3C /* UIColor+CustomColors.m in Sources */,
				A18C51EE2122D2F900B95F3C /* AppDelegate.m in Sources */,
			);
			runOnlyForDeploymentPostprocessing = 0;
		};
/* End PBXSourcesBuildPhase section */

/* Begin PBXVariantGroup section */
		A18C51F22122D2F900B95F3C /* Main.storyboard */ = {
			isa = PBXVariantGroup;
			children = (
				A18C51F32122D2F900B95F3C /* Base */,
			);
			name = Main.storyboard;
			sourceTree = "<group>";
		};
		A18C51F72122D2FB00B95F3C /* LaunchScreen.storyboard */ = {
			isa = PBXVariantGroup;
			children = (
				A18C51F82122D2FB00B95F3C /* Base */,
			);
			name = LaunchScreen.storyboard;
			sourceTree = "<group>";
		};
/* End PBXVariantGroup section */

/* Begin XCBuildConfiguration section */
		A18C51FD2122D2FB00B95F3C /* Debug */ = {
			isa = XCBuildConfiguration;
			buildSettings = {
				ALWAYS_SEARCH_USER_PATHS = NO;
				CLANG_ANALYZER_NONNULL = YES;
				CLANG_ANALYZER_NUMBER_OBJECT_CONVERSION = YES_AGGRESSIVE;
				CLANG_CXX_LANGUAGE_STANDARD = "gnu++14";
				CLANG_CXX_LIBRARY = "libc++";
				CLANG_ENABLE_MODULES = YES;
				CLANG_ENABLE_OBJC_ARC = YES;
				CLANG_ENABLE_OBJC_WEAK = YES;
				CLANG_WARN_BLOCK_CAPTURE_AUTORELEASING = YES;
				CLANG_WARN_BOOL_CONVERSION = YES;
				CLANG_WARN_COMMA = YES;
				CLANG_WARN_CONSTANT_CONVERSION = YES;
				CLANG_WARN_DEPRECATED_OBJC_IMPLEMENTATIONS = YES;
				CLANG_WARN_DIRECT_OBJC_ISA_USAGE = YES_ERROR;
				CLANG_WARN_DOCUMENTATION_COMMENTS = YES;
				CLANG_WARN_EMPTY_BODY = YES;
				CLANG_WARN_ENUM_CONVERSION = YES;
				CLANG_WARN_INFINITE_RECURSION = YES;
				CLANG_WARN_INT_CONVERSION = YES;
				CLANG_WARN_NON_LITERAL_NULL_CONVERSION = YES;
				CLANG_WARN_OBJC_IMPLICIT_RETAIN_SELF = YES;
				CLANG_WARN_OBJC_LITERAL_CONVERSION = YES;
				CLANG_WARN_OBJC_ROOT_CLASS = YES_ERROR;
				CLANG_WARN_RANGE_LOOP_ANALYSIS = YES;
				CLANG_WARN_STRICT_PROTOTYPES = YES;
				CLANG_WARN_SUSPICIOUS_MOVE = YES;
				CLANG_WARN_UNGUARDED_AVAILABILITY = YES_AGGRESSIVE;
				CLANG_WARN_UNREACHABLE_CODE = YES;
				CLANG_WARN__DUPLICATE_METHOD_MATCH = YES;
				CODE_SIGN_IDENTITY = "iPhone Developer";
				COPY_PHASE_STRIP = NO;
				DEBUG_INFORMATION_FORMAT = dwarf;
				ENABLE_STRICT_OBJC_MSGSEND = YES;
				ENABLE_TESTABILITY = YES;
				GCC_C_LANGUAGE_STANDARD = gnu11;
				GCC_DYNAMIC_NO_PIC = NO;
				GCC_NO_COMMON_BLOCKS = YES;
				GCC_OPTIMIZATION_LEVEL = 0;
				GCC_PREPROCESSOR_DEFINITIONS = (
					"DEBUG=1",
					"$(inherited)",
				);
				GCC_WARN_64_TO_32_BIT_CONVERSION = YES;
				GCC_WARN_ABOUT_RETURN_TYPE = YES_ERROR;
				GCC_WARN_UNDECLARED_SELECTOR = YES;
				GCC_WARN_UNINITIALIZED_AUTOS = YES_AGGRESSIVE;
				GCC_WARN_UNUSED_FUNCTION = YES;
				GCC_WARN_UNUSED_VARIABLE = YES;
				IPHONEOS_DEPLOYMENT_TARGET = 11.4;
				MTL_ENABLE_DEBUG_INFO = YES;
				ONLY_ACTIVE_ARCH = YES;
				SDKROOT = iphoneos;
			};
			name = Debug;
		};
		A18C51FE2122D2FB00B95F3C /* Release */ = {
			isa = XCBuildConfiguration;
			buildSettings = {
				ALWAYS_SEARCH_USER_PATHS = NO;
				CLANG_ANALYZER_NONNULL = YES;
				CLANG_ANALYZER_NUMBER_OBJECT_CONVERSION = YES_AGGRESSIVE;
				CLANG_CXX_LANGUAGE_STANDARD = "gnu++14";
				CLANG_CXX_LIBRARY = "libc++";
				CLANG_ENABLE_MODULES = YES;
				CLANG_ENABLE_OBJC_ARC = YES;
				CLANG_ENABLE_OBJC_WEAK = YES;
				CLANG_WARN_BLOCK_CAPTURE_AUTORELEASING = YES;
				CLANG_WARN_BOOL_CONVERSION = YES;
				CLANG_WARN_COMMA = YES;
				CLANG_WARN_CONSTANT_CONVERSION = YES;
				CLANG_WARN_DEPRECATED_OBJC_IMPLEMENTATIONS = YES;
				CLANG_WARN_DIRECT_OBJC_ISA_USAGE = YES_ERROR;
				CLANG_WARN_DOCUMENTATION_COMMENTS = YES;
				CLANG_WARN_EMPTY_BODY = YES;
				CLANG_WARN_ENUM_CONVERSION = YES;
				CLANG_WARN_INFINITE_RECURSION = YES;
				CLANG_WARN_INT_CONVERSION = YES;
				CLANG_WARN_NON_LITERAL_NULL_CONVERSION = YES;
				CLANG_WARN_OBJC_IMPLICIT_RETAIN_SELF = YES;
				CLANG_WARN_OBJC_LITERAL_CONVERSION = YES;
				CLANG_WARN_OBJC_ROOT_CLASS = YES_ERROR;
				CLANG_WARN_RANGE_LOOP_ANALYSIS = YES;
				CLANG_WARN_STRICT_PROTOTYPES = YES;
				CLANG_WARN_SUSPICIOUS_MOVE = YES;
				CLANG_WARN_UNGUARDED_AVAILABILITY = YES_AGGRESSIVE;
				CLANG_WARN_UNREACHABLE_CODE = YES;
				CLANG_WARN__DUPLICATE_METHOD_MATCH = YES;
				CODE_SIGN_IDENTITY = "iPhone Developer";
				COPY_PHASE_STRIP = NO;
				DEBUG_INFORMATION_FORMAT = "dwarf-with-dsym";
				ENABLE_NS_ASSERTIONS = NO;
				ENABLE_STRICT_OBJC_MSGSEND = YES;
				GCC_C_LANGUAGE_STANDARD = gnu11;
				GCC_NO_COMMON_BLOCKS = YES;
				GCC_WARN_64_TO_32_BIT_CONVERSION = YES;
				GCC_WARN_ABOUT_RETURN_TYPE = YES_ERROR;
				GCC_WARN_UNDECLARED_SELECTOR = YES;
				GCC_WARN_UNINITIALIZED_AUTOS = YES_AGGRESSIVE;
				GCC_WARN_UNUSED_FUNCTION = YES;
				GCC_WARN_UNUSED_VARIABLE = YES;
				IPHONEOS_DEPLOYMENT_TARGET = 11.4;
				MTL_ENABLE_DEBUG_INFO = NO;
				SDKROOT = iphoneos;
				VALIDATE_PRODUCT = YES;
			};
			name = Release;
		};
		A18C52002122D2FB00B95F3C /* Debug */ = {
			isa = XCBuildConfiguration;
			buildSettings = {
				ASSETCATALOG_COMPILER_APPICON_NAME = AppIcon;
				CODE_SIGN_STYLE = Automatic;
				DEVELOPMENT_TEAM = VZ7WDVNGRM;
				GCC_PREFIX_HEADER = "$(SRCROOT)/AppleWeatherDemo/WeatherPrefixHeader.pch";
				INFOPLIST_FILE = AppleWeatherDemo/Info.plist;
				LD_RUNPATH_SEARCH_PATHS = (
					"$(inherited)",
					"@executable_path/Frameworks",
				);
				PRODUCT_BUNDLE_IDENTIFIER = xby023.AppleWeatherDemo;
				PRODUCT_NAME = "$(TARGET_NAME)";
				TARGETED_DEVICE_FAMILY = "1,2";
			};
			name = Debug;
		};
		A18C52012122D2FB00B95F3C /* Release */ = {
			isa = XCBuildConfiguration;
			buildSettings = {
				ASSETCATALOG_COMPILER_APPICON_NAME = AppIcon;
				CODE_SIGN_STYLE = Automatic;
				DEVELOPMENT_TEAM = VZ7WDVNGRM;
				GCC_PREFIX_HEADER = "$(SRCROOT)/AppleWeatherDemo/WeatherPrefixHeader.pch";
				INFOPLIST_FILE = AppleWeatherDemo/Info.plist;
				LD_RUNPATH_SEARCH_PATHS = (
					"$(inherited)",
					"@executable_path/Frameworks",
				);
				PRODUCT_BUNDLE_IDENTIFIER = xby023.AppleWeatherDemo;
				PRODUCT_NAME = "$(TARGET_NAME)";
				TARGETED_DEVICE_FAMILY = "1,2";
			};
			name = Release;
		};
/* End XCBuildConfiguration section */

/* Begin XCConfigurationList section */
		A18C51E42122D2F900B95F3C /* Build configuration list for PBXProject "AppleWeatherDemo" */ = {
			isa = XCConfigurationList;
			buildConfigurations = (
				A18C51FD2122D2FB00B95F3C /* Debug */,
				A18C51FE2122D2FB00B95F3C /* Release */,
			);
			defaultConfigurationIsVisible = 0;
			defaultConfigurationName = Release;
		};
		A18C51FF2122D2FB00B95F3C /* Build configuration list for PBXNativeTarget "AppleWeatherDemo" */ = {
			isa = XCConfigurationList;
			buildConfigurations = (
				A18C52002122D2FB00B95F3C /* Debug */,
				A18C52012122D2FB00B95F3C /* Release */,
			);
			defaultConfigurationIsVisible = 0;
			defaultConfigurationName = Release;
		};
/* End XCConfigurationList section */
	};
	rootObject = A18C51E12122D2F900B95F3C /* Project object */;
}
